{
  "R": {
    "Version": "3.6.3",
    "Repositories": [
      {
        "Name": "CRAN",
        "URL": "https://ftpmirror1.infania.net/mirror/CRAN"
      },
      {
        "Name": "PEPFAR",
        "URL": "https://rstudio-package.ap.datim.org/prod/latest"
      }
    ]
  },
  "Packages": {
    "BH": {
      "Package": "BH",
      "Version": "1.75.0-0",
      "Source": "Repository",
      "Repository": "CRAN",
      "Hash": "e4c04affc2cac20c8fec18385cd14691"
    },
    "DT": {
      "Package": "DT",
      "Version": "0.17",
      "Source": "Repository",
      "Repository": "CRAN",
      "Hash": "56b33b77f4cffd78ff96b8e5a69eabb0"
    },
    "ISOweek": {
      "Package": "ISOweek",
      "Version": "0.6-2",
      "Source": "Repository",
      "Repository": "CRAN",
      "Hash": "ad7e2b013b9379cb560caa9b168202f0"
    },
    "MASS": {
      "Package": "MASS",
      "Version": "7.3-53",
      "Source": "Repository",
      "Repository": "CRAN",
      "Hash": "d1bc1c8e9c0ace57ec9ffea01021d45f"
    },
    "Matrix": {
      "Package": "Matrix",
      "Version": "1.3-2",
      "Source": "Repository",
      "Repository": "CRAN",
      "Hash": "ff280503079ad8623d3c4b1519b24ea2"
    },
    "R6": {
      "Package": "R6",
      "Version": "2.5.0",
      "Source": "Repository",
      "Repository": "CRAN",
      "Hash": "b203113193e70978a696b2809525649d"
    },
    "RColorBrewer": {
      "Package": "RColorBrewer",
      "Version": "1.1-2",
      "Source": "Repository",
      "Repository": "CRAN",
      "Hash": "e031418365a7f7a766181ab5a41a5716"
    },
    "Rcpp": {
      "Package": "Rcpp",
      "Version": "1.0.6",
      "Source": "Repository",
      "Repository": "CRAN",
      "Hash": "dbb5e436998a7eba5a9d682060533338"
    },
    "XML": {
      "Package": "XML",
      "Version": "3.99-0.3",
      "Source": "Repository",
      "Repository": "CRAN",
      "Hash": "c1616606f097075542c12fb8a10a071e"
    },
    "askpass": {
      "Package": "askpass",
      "Version": "1.1",
      "Source": "Repository",
      "Repository": "CRAN",
      "Hash": "e8a22846fff485f0be3770c2da758713"
    },
    "assertthat": {
      "Package": "assertthat",
      "Version": "0.2.1",
      "Source": "Repository",
      "Repository": "CRAN",
      "Hash": "50c838a310445e954bc13f26f26a6ecf"
    },
    "base64enc": {
      "Package": "base64enc",
      "Version": "0.1-3",
      "Source": "Repository",
      "Repository": "CRAN",
      "Hash": "543776ae6848fde2f48ff3816d0628bc"
    },
    "brio": {
      "Package": "brio",
      "Version": "1.1.1",
      "Source": "Repository",
      "Repository": "CRAN",
      "Hash": "36758510e65a457efeefa50e1e7f0576"
    },
    "bslib": {
      "Package": "bslib",
      "Version": "0.2.4",
      "Source": "Repository",
      "Repository": "CRAN",
      "Hash": "4830a372b241d78ed6f53731ee3023ac"
    },
    "cachem": {
      "Package": "cachem",
      "Version": "1.0.3",
      "Source": "Repository",
      "Repository": "CRAN",
      "Hash": "803b5d36ec15fe3314905749a5619767"
    },
    "callr": {
      "Package": "callr",
      "Version": "3.5.1",
      "Source": "Repository",
      "Repository": "CRAN",
      "Hash": "b7d7f1e926dfcd57c74ce93f5c048e80"
    },
    "cellranger": {
      "Package": "cellranger",
      "Version": "1.1.0",
      "Source": "Repository",
      "Repository": "CRAN",
      "Hash": "f61dbaec772ccd2e17705c1e872e9e7c"
    },
    "cli": {
      "Package": "cli",
      "Version": "2.3.0",
      "Source": "Repository",
      "Repository": "CRAN",
      "Hash": "26fb4f0871c8e5b84d77f6dc22f2ee0a"
    },
    "clipr": {
      "Package": "clipr",
      "Version": "0.7.1",
      "Source": "Repository",
      "Repository": "CRAN",
      "Hash": "ebaa97ac99cc2daf04e77eecc7b781d7"
    },
    "codetools": {
      "Package": "codetools",
      "Version": "0.2-18",
      "Source": "Repository",
      "Repository": "CRAN",
      "Hash": "019388fc48e48b3da0d3a76ff94608a8"
    },
    "colorspace": {
      "Package": "colorspace",
      "Version": "2.0-0",
      "Source": "Repository",
      "Repository": "CRAN",
      "Hash": "abea3384649ef37f60ef51ce002f3547"
    },
    "commonmark": {
      "Package": "commonmark",
      "Version": "1.7",
      "Source": "Repository",
      "Repository": "CRAN",
      "Hash": "0f22be39ec1d141fd03683c06f3a6e67"
    },
    "cpp11": {
      "Package": "cpp11",
      "Version": "0.2.6",
      "Source": "Repository",
      "Repository": "CRAN",
      "Hash": "f08909ebdad90b19d8d3930da4220564"
    },
    "crayon": {
      "Package": "crayon",
      "Version": "1.4.0",
      "Source": "Repository",
      "Repository": "CRAN",
      "Hash": "fcff9126a4928a96c94e3df85b024899"
    },
    "crosstalk": {
      "Package": "crosstalk",
      "Version": "1.1.1",
      "Source": "Repository",
      "Repository": "CRAN",
      "Hash": "2b06f9e415a62b6762e4b8098d2aecbc"
    },
    "curl": {
      "Package": "curl",
      "Version": "4.3",
      "Source": "Repository",
      "Repository": "CRAN",
      "Hash": "2b7d10581cc730804e9ed178c8374bd6"
    },
    "data.table": {
      "Package": "data.table",
      "Version": "1.13.6",
      "Source": "Repository",
      "Repository": "CRAN",
      "Hash": "813fa8857aaa949b243e2e0b4abb8592"
    },
    "datapackcommons": {
      "Package": "datapackcommons",
      "Version": "0.2.2.0.0.0.1612206672",
      "Source": "Repository",
      "Repository": "RSPM",
      "RemoteSha": "ff8b57047f28e52a0ea1dcb733382d9822ca55bc",
      "Hash": "fbcc2990e075700a89e31232642aa605"
    },
    "datapackr": {
      "Package": "datapackr",
      "Version": "4.2.1",
      "Source": "GitHub",
      "RemoteType": "github",
      "RemoteHost": "api.github.com",
      "RemoteUsername": "pepfar-datim",
      "RemoteRepo": "datapackr",
      "RemoteRef": "testing",
      "RemoteSha": "d47604ab9d98d9e963d03b3101b349a919ac84aa",
      "Hash": "5fd9d44c913b7f1006a4ae781237288a"
    },
    "datimutils": {
      "Package": "datimutils",
      "Version": "0.1.1",
      "Source": "GitHub",
      "RemoteType": "github",
      "RemoteHost": "api.github.com",
      "RemoteUsername": "pepfar-datim",
      "RemoteRepo": "datimutils",
      "RemoteRef": "master",
      "RemoteSha": "85195e3386904d8ca37ec9538554549051ea7e7d",
      "Hash": "9724b1f17093e9ec571eda22a195a7d6"
    },
    "datimvalidation": {
      "Package": "datimvalidation",
      "Version": "1.0.112",
      "Source": "GitHub",
      "RemoteType": "github",
      "RemoteHost": "api.github.com",
      "RemoteUsername": "jason-p-pickering",
      "RemoteRepo": "datim-validation",
      "RemoteRef": "master",
      "RemoteSha": "1c3f196288984c4330a998d673376623a20e1401",
      "Hash": "f0171b6b12769178ca1a0feb456ee239"
    },
    "desc": {
      "Package": "desc",
      "Version": "1.2.0",
      "Source": "Repository",
      "Repository": "CRAN",
      "Hash": "6c8fe8fa26a23b79949375d372c7b395"
    },
    "diffobj": {
      "Package": "diffobj",
      "Version": "0.3.3",
      "Source": "Repository",
      "Repository": "CRAN",
      "Hash": "55fae7ec1418d2a47bd552571673d1af"
    },
    "digest": {
      "Package": "digest",
      "Version": "0.6.27",
      "Source": "Repository",
      "Repository": "CRAN",
      "Hash": "a0cbe758a531d054b537d16dff4d58a1"
    },
    "doMC": {
      "Package": "doMC",
      "Version": "1.3.7",
      "Source": "Repository",
      "Repository": "CRAN",
      "OS_type": "unix",
      "Hash": "a51780731e2ec5eee714097df69ea204"
    },
    "dplyr": {
      "Package": "dplyr",
      "Version": "1.0.4",
      "Source": "Repository",
      "Repository": "CRAN",
      "Hash": "01c82e3b053eb7660a8ace8d932265b8"
    },
    "ellipsis": {
      "Package": "ellipsis",
      "Version": "0.3.1",
      "Source": "Repository",
      "Repository": "CRAN",
      "Hash": "fd2844b3a43ae2d27e70ece2df1b4e2a"
    },
    "evaluate": {
      "Package": "evaluate",
      "Version": "0.14",
      "Source": "Repository",
      "Repository": "CRAN",
      "Hash": "ec8ca05cffcc70569eaaad8469d2a3a7"
    },
    "fansi": {
      "Package": "fansi",
      "Version": "0.4.2",
      "Source": "Repository",
      "Repository": "CRAN",
      "Hash": "fea074fb67fe4c25d47ad09087da847d"
    },
    "farver": {
      "Package": "farver",
      "Version": "2.0.3",
      "Source": "Repository",
      "Repository": "CRAN",
      "Hash": "dad6793a5a1f73c8e91f1a1e3e834b05"
    },
    "fastmap": {
      "Package": "fastmap",
      "Version": "1.1.0",
      "Source": "Repository",
      "Repository": "CRAN",
      "Hash": "77bd60a6157420d4ffa93b27cf6a58b8"
    },
    "filelock": {
      "Package": "filelock",
      "Version": "1.0.2",
      "Source": "Repository",
      "Repository": "CRAN",
      "Hash": "38ec653c2613bed60052ba3787bd8a2c"
    },
    "foreach": {
      "Package": "foreach",
      "Version": "1.5.1",
      "Source": "Repository",
      "Repository": "CRAN",
      "Hash": "e32cfc0973caba11b65b1fa691b4d8c9"
    },
    "formatR": {
      "Package": "formatR",
      "Version": "1.7",
      "Source": "Repository",
      "Repository": "CRAN",
      "Hash": "ad36e26eeeb7393886d8a0e19bc6ee42"
    },
    "fs": {
      "Package": "fs",
      "Version": "1.5.0",
      "Source": "Repository",
      "Repository": "CRAN",
      "Hash": "44594a07a42e5f91fac9f93fda6d0109"
    },
    "futile.logger": {
      "Package": "futile.logger",
      "Version": "1.4.3",
      "Source": "Repository",
      "Repository": "CRAN",
      "Hash": "99f0ace8c05ec7d3683d27083c4f1e7e"
    },
    "futile.options": {
      "Package": "futile.options",
      "Version": "1.0.1",
      "Source": "Repository",
      "Repository": "CRAN",
      "Hash": "0d9bf02413ddc2bbe8da9ce369dcdd2b"
    },
    "generics": {
      "Package": "generics",
      "Version": "0.1.0",
      "Source": "Repository",
      "Repository": "CRAN",
      "Hash": "4d243a9c10b00589889fe32314ffd902"
    },
    "getPass": {
      "Package": "getPass",
      "Version": "0.2-2",
      "Source": "Repository",
      "Repository": "CRAN",
      "Hash": "07a91f99e56951818ab911366db77700"
    },
    "ggplot2": {
      "Package": "ggplot2",
      "Version": "3.3.3",
      "Source": "Repository",
      "Repository": "CRAN",
      "Hash": "3eb6477d01eb5bbdc03f7d5f70f2733e"
    },
    "glue": {
      "Package": "glue",
      "Version": "1.4.2",
      "Source": "Repository",
      "Repository": "CRAN",
      "Hash": "6efd734b14c6471cfe443345f3e35e29"
    },
    "gtable": {
      "Package": "gtable",
      "Version": "0.3.0",
      "Source": "Repository",
      "Repository": "CRAN",
      "Hash": "ac5c6baf7822ce8732b343f14c072c4d"
    },
    "hms": {
      "Package": "hms",
      "Version": "1.0.0",
      "Source": "Repository",
      "Repository": "CRAN",
      "Hash": "bf552cdd96f5969873afdac7311c7d0d"
    },
    "htmltools": {
      "Package": "htmltools",
      "Version": "0.5.1.1",
      "Source": "Repository",
      "Repository": "CRAN",
      "Hash": "af2c2531e55df5cf230c4b5444fc973c"
    },
    "htmlwidgets": {
      "Package": "htmlwidgets",
      "Version": "1.5.3",
      "Source": "Repository",
      "Repository": "CRAN",
      "Hash": "6fdaa86d0700f8b3e92ee3c445a5a10d"
    },
    "httpuv": {
      "Package": "httpuv",
      "Version": "1.5.5",
      "Source": "Repository",
      "Repository": "CRAN",
      "Hash": "b9d5d39be2150cf86538b8488334b8f8"
    },
    "httr": {
      "Package": "httr",
      "Version": "1.4.2",
      "Source": "Repository",
      "Repository": "CRAN",
      "Hash": "a525aba14184fec243f9eaec62fbed43"
    },
    "ini": {
      "Package": "ini",
      "Version": "0.3.1",
      "Source": "Repository",
      "Repository": "CRAN",
      "Hash": "6154ec2223172bce8162d4153cda21f7"
    },
    "isoband": {
      "Package": "isoband",
      "Version": "0.2.3",
      "Source": "Repository",
      "Repository": "CRAN",
      "Hash": "53647fb507373700028b2ce6cd30751a"
    },
    "iterators": {
      "Package": "iterators",
      "Version": "1.0.13",
      "Source": "Repository",
      "Repository": "CRAN",
      "Hash": "64778782a89480e9a644f69aad9a2877"
    },
    "jquerylib": {
      "Package": "jquerylib",
      "Version": "0.1.3",
      "Source": "Repository",
      "Repository": "CRAN",
      "Hash": "5ff50b36f7f0832f8421745af333e73c"
    },
    "jsonlite": {
      "Package": "jsonlite",
      "Version": "1.7.2",
      "Source": "Repository",
      "Repository": "CRAN",
      "Hash": "98138e0994d41508c7a6b84a0600cfcb"
    },
    "keyring": {
      "Package": "keyring",
      "Version": "1.1.0",
      "Source": "Repository",
      "Repository": "CRAN",
      "Hash": "67879ff7bee13ebec7fc9244fabf4be9"
    },
    "labeling": {
      "Package": "labeling",
      "Version": "0.4.2",
      "Source": "Repository",
      "Repository": "CRAN",
      "Hash": "3d5108641f47470611a32d0bdf357a72"
    },
    "lambda.r": {
      "Package": "lambda.r",
      "Version": "1.2.4",
      "Source": "Repository",
      "Repository": "CRAN",
      "Hash": "b1e925c4b9ffeb901bacf812cbe9a6ad"
    },
    "later": {
      "Package": "later",
      "Version": "1.1.0.1",
      "Source": "Repository",
      "Repository": "CRAN",
      "Hash": "d0a62b247165aabf397fded504660d8a"
    },
    "lattice": {
      "Package": "lattice",
      "Version": "0.20-41",
      "Source": "Repository",
      "Repository": "CRAN",
      "Hash": "fbd9285028b0263d76d18c95ae51a53d"
    },
    "lazyeval": {
      "Package": "lazyeval",
      "Version": "0.2.2",
      "Source": "Repository",
      "Repository": "CRAN",
      "Hash": "d908914ae53b04d4c0c0fd72ecc35370"
    },
    "lifecycle": {
      "Package": "lifecycle",
      "Version": "0.2.0",
      "Source": "Repository",
      "Repository": "CRAN",
      "Hash": "361811f31f71f8a617a9a68bf63f1f42"
    },
    "lubridate": {
      "Package": "lubridate",
      "Version": "1.7.9.2",
      "Source": "Repository",
      "Repository": "CRAN",
      "Hash": "5b5b02f621d39a499def7923a5aee746"
    },
    "magrittr": {
      "Package": "magrittr",
      "Version": "2.0.1",
      "Source": "Repository",
      "Repository": "CRAN",
      "Hash": "41287f1ac7d28a92f0a286ed507928d3"
    },
    "mgcv": {
      "Package": "mgcv",
      "Version": "1.8-33",
      "Source": "Repository",
      "Repository": "CRAN",
      "Hash": "eb7b6439bc6d812eed2cddba5edc6be3"
    },
    "mime": {
      "Package": "mime",
      "Version": "0.9",
      "Source": "Repository",
      "Repository": "CRAN",
      "Hash": "e87a35ec73b157552814869f45a63aa3"
    },
    "munsell": {
      "Package": "munsell",
      "Version": "0.5.0",
      "Source": "Repository",
      "Repository": "CRAN",
      "Hash": "6dfe8bf774944bd5595785e3229d8771"
    },
    "nlme": {
      "Package": "nlme",
      "Version": "3.1-152",
      "Source": "Repository",
      "Repository": "CRAN",
      "Hash": "35de1ce639f20b5e10f7f46260730c65"
    },
    "openssl": {
      "Package": "openssl",
      "Version": "1.4.3",
      "Source": "Repository",
      "Repository": "CRAN",
      "Hash": "a399e4773075fc2375b71f45fca186c4"
    },
    "openxlsx": {
      "Package": "openxlsx",
      "Version": "4.2.3",
      "Source": "Repository",
      "Repository": "CRAN",
      "Hash": "2253a430965e222d11a2f9277cd34c2e"
    },
    "pacman": {
      "Package": "pacman",
      "Version": "0.5.1",
      "Source": "Repository",
      "Repository": "CRAN",
      "Hash": "b37932b67288bc62bb81686b2f337a7d"
    },
    "paws": {
      "Package": "paws",
      "Version": "0.1.10",
      "Source": "Repository",
      "Repository": "CRAN",
      "Hash": "9eb8c3940ec416fc0cce7ada6fd8a593"
    },
    "paws.analytics": {
      "Package": "paws.analytics",
      "Version": "0.1.10",
      "Source": "Repository",
      "Repository": "CRAN",
      "Hash": "0de6574b80ad8887efc5fbf6403a0892"
    },
    "paws.application.integration": {
      "Package": "paws.application.integration",
      "Version": "0.1.10",
      "Source": "Repository",
      "Repository": "CRAN",
      "Hash": "b769d56ee3048452f284dd5e7909df55"
    },
    "paws.common": {
      "Package": "paws.common",
      "Version": "0.3.8",
      "Source": "Repository",
      "Repository": "CRAN",
      "Hash": "9e98820ac0530fc99197afd814979e82"
    },
    "paws.compute": {
      "Package": "paws.compute",
      "Version": "0.1.10",
      "Source": "Repository",
      "Repository": "CRAN",
      "Hash": "fd7da7c9bffb263f06c707979b4fb506"
    },
    "paws.cost.management": {
      "Package": "paws.cost.management",
      "Version": "0.1.10",
      "Source": "Repository",
      "Repository": "CRAN",
      "Hash": "74477da7841bbef6162abb223f376d9d"
    },
    "paws.customer.engagement": {
      "Package": "paws.customer.engagement",
      "Version": "0.1.10",
      "Source": "Repository",
      "Repository": "CRAN",
      "Hash": "368579dd9c0bd1b6e1ffe7971f43c343"
    },
    "paws.database": {
      "Package": "paws.database",
      "Version": "0.1.10",
      "Source": "Repository",
      "Repository": "CRAN",
      "Hash": "f93fd16ea96e2ee161e18a6bef5cc5aa"
    },
    "paws.machine.learning": {
      "Package": "paws.machine.learning",
      "Version": "0.1.10",
      "Source": "Repository",
      "Repository": "CRAN",
      "Hash": "fa84ed70ddbafebcf7801e39e6589e72"
    },
    "paws.management": {
      "Package": "paws.management",
      "Version": "0.1.10",
      "Source": "Repository",
      "Repository": "CRAN",
      "Hash": "7e6240c7565ae24341ab2a387b0dfe51"
    },
    "paws.networking": {
      "Package": "paws.networking",
      "Version": "0.1.10",
      "Source": "Repository",
      "Repository": "CRAN",
      "Hash": "84be3d2310f888a76455603febc5c4c5"
    },
    "paws.security.identity": {
      "Package": "paws.security.identity",
      "Version": "0.1.10",
      "Source": "Repository",
      "Repository": "CRAN",
      "Hash": "92d03751d9d82b43510010cef87c2dd0"
    },
    "paws.storage": {
      "Package": "paws.storage",
      "Version": "0.1.10",
      "Source": "Repository",
      "Repository": "CRAN",
      "Hash": "5ae98ad90d1a11a8cfad6874c0381d57"
    },
    "pillar": {
      "Package": "pillar",
      "Version": "1.4.7",
      "Source": "Repository",
      "Repository": "CRAN",
      "Hash": "3b3dd89b2ee115a8b54e93a34cd546b4"
    },
    "piton": {
      "Package": "piton",
      "Version": "1.0.0",
      "Source": "Repository",
      "Repository": "CRAN",
      "Hash": "e3e637a1b4deb944a58e9ab22662fc4e"
    },
    "pkgbuild": {
      "Package": "pkgbuild",
      "Version": "1.2.0",
      "Source": "Repository",
      "Repository": "CRAN",
      "Hash": "725fcc30222d4d11ec68efb8ff11a9af"
    },
    "pkgconfig": {
      "Package": "pkgconfig",
      "Version": "2.0.3",
      "Source": "Repository",
      "Repository": "CRAN",
      "Hash": "01f28d4278f15c76cddbea05899c5d6f"
    },
    "pkgload": {
      "Package": "pkgload",
      "Version": "1.1.0",
      "Source": "Repository",
      "Repository": "CRAN",
      "Hash": "b6b150cd4709e0c0c9b5d51ac4376282"
    },
    "plyr": {
      "Package": "plyr",
      "Version": "1.8.6",
      "Source": "Repository",
      "Repository": "CRAN",
      "Hash": "ec0e5ab4e5f851f6ef32cd1d1984957f"
    },
    "praise": {
      "Package": "praise",
      "Version": "1.0.0",
      "Source": "Repository",
      "Repository": "CRAN",
      "Hash": "a555924add98c99d2f411e37e7d25e9f"
    },
    "prettyunits": {
      "Package": "prettyunits",
      "Version": "1.1.1",
      "Source": "Repository",
      "Repository": "CRAN",
      "Hash": "95ef9167b75dde9d2ccc3c7528393e7e"
    },
    "processx": {
      "Package": "processx",
      "Version": "3.4.5",
      "Source": "Repository",
      "Repository": "CRAN",
      "Hash": "22aab6098cb14edd0a5973a8438b569b"
    },
    "progress": {
      "Package": "progress",
      "Version": "1.2.2",
      "Source": "Repository",
      "Repository": "CRAN",
      "Hash": "14dc9f7a3c91ebb14ec5bb9208a07061"
    },
    "promises": {
      "Package": "promises",
      "Version": "1.1.1",
      "Source": "Repository",
      "Repository": "CRAN",
      "Hash": "a8730dcbdd19f9047774909f0ec214a4"
    },
    "ps": {
      "Package": "ps",
      "Version": "1.5.0",
      "Source": "Repository",
      "Repository": "CRAN",
      "Hash": "ebaed51a03411fd5cfc1e12d9079b353"
    },
    "purrr": {
      "Package": "purrr",
      "Version": "0.3.4",
      "Source": "Repository",
      "Repository": "CRAN",
      "Hash": "97def703420c8ab10d8f0e6c72101e02"
    },
    "rappdirs": {
      "Package": "rappdirs",
      "Version": "0.3.3",
      "Source": "Repository",
      "Repository": "CRAN",
      "Hash": "5e3c5dc0b071b21fa128676560dbe94d"
    },
    "readr": {
      "Package": "readr",
      "Version": "1.4.0",
      "Source": "Repository",
      "Repository": "CRAN",
      "Hash": "2639976851f71f330264a9c9c3d43a61"
    },
    "readxl": {
      "Package": "readxl",
      "Version": "1.3.1",
      "Source": "Repository",
      "Repository": "CRAN",
      "Hash": "63537c483c2dbec8d9e3183b3735254a"
    },
    "rematch": {
      "Package": "rematch",
      "Version": "1.0.1",
      "Source": "Repository",
      "Repository": "CRAN",
      "Hash": "c66b930d20bb6d858cd18e1cebcfae5c"
    },
    "rematch2": {
      "Package": "rematch2",
      "Version": "2.1.2",
      "Source": "Repository",
      "Repository": "CRAN",
      "Hash": "76c9e04c712a05848ae7a23d2f170a40"
    },
    "remotes": {
      "Package": "remotes",
      "Version": "2.2.0",
      "Source": "Repository",
      "Repository": "CRAN",
      "Hash": "430a0908aee75b1fcba0e62857cab0ce"
    },
    "renv": {
      "Package": "renv",
      "Version": "0.12.5",
      "Source": "Repository",
      "Repository": "CRAN",
      "Hash": "5c0cdb37f063c58cdab3c7e9fbb8bd2c"
    },
    "reshape2": {
      "Package": "reshape2",
      "Version": "1.4.4",
      "Source": "Repository",
      "Repository": "CRAN",
      "Hash": "bb5996d0bd962d214a11140d77589917"
    },
    "rlang": {
      "Package": "rlang",
      "Version": "0.4.10",
      "Source": "Repository",
      "Repository": "CRAN",
      "Hash": "599df23c40a4fce9c7b4764f28c37857"
    },
    "rlist": {
      "Package": "rlist",
      "Version": "0.4.6.1",
      "Source": "Repository",
      "Repository": "CRAN",
      "Hash": "75886cbfe663d94199639f442d43836a"
    },
    "rpivotTable": {
      "Package": "rpivotTable",
      "Version": "0.3.0",
      "Source": "Repository",
      "Repository": "CRAN",
      "Hash": "a7ce09cc0ac98041b252d7af4a3cc131"
    },
    "rprojroot": {
      "Package": "rprojroot",
      "Version": "2.0.2",
      "Source": "Repository",
      "Repository": "CRAN",
      "Hash": "249d8cd1e74a8f6a26194a91b47f21d1"
    },
    "rstudioapi": {
      "Package": "rstudioapi",
      "Version": "0.13",
      "Source": "Repository",
      "Repository": "CRAN",
      "Hash": "06c85365a03fdaf699966cc1d3cf53ea"
    },
    "sass": {
      "Package": "sass",
      "Version": "0.3.1",
      "Source": "Repository",
      "Repository": "CRAN",
      "Hash": "3ef1adfe46b7b144b970d74ce33ab0d6"
    },
    "scales": {
      "Package": "scales",
      "Version": "1.1.1",
      "Source": "Repository",
      "Repository": "CRAN",
      "Hash": "6f76f71042411426ec8df6c54f34e6dd"
    },
    "shiny": {
      "Package": "shiny",
      "Version": "1.6.0",
      "Source": "Repository",
      "Repository": "CRAN",
      "Hash": "6e3b6ae7fe02b5859e4bb277f218b8ae"
    },
    "shinyWidgets": {
      "Package": "shinyWidgets",
      "Version": "0.5.7",
      "Source": "Repository",
      "Repository": "CRAN",
      "Hash": "67f284ca3b12634dfabbbb5c247f5966"
    },
    "shinyjs": {
      "Package": "shinyjs",
      "Version": "2.0.0",
      "Source": "Repository",
      "Repository": "CRAN",
      "Hash": "9ddfc91d4280eaa34c2103951538976f"
    },
    "sodium": {
      "Package": "sodium",
      "Version": "1.1",
      "Source": "Repository",
      "Repository": "CRAN",
      "Hash": "9f07fda8802e9a2ed7e91f20f2d814ce"
    },
    "sourcetools": {
      "Package": "sourcetools",
      "Version": "0.1.7",
      "Source": "Repository",
      "Repository": "CRAN",
      "Hash": "947e4e02a79effa5d512473e10f41797"
    },
    "stringi": {
      "Package": "stringi",
      "Version": "1.5.3",
      "Source": "Repository",
      "Repository": "CRAN",
      "Hash": "a063ebea753c92910a4cca7b18bc1f05"
    },
    "stringr": {
      "Package": "stringr",
      "Version": "1.4.0",
      "Source": "Repository",
      "Repository": "CRAN",
      "Hash": "0759e6b6c0957edb1311028a49a35e76"
    },
    "sys": {
      "Package": "sys",
      "Version": "3.4",
      "Source": "Repository",
      "Repository": "CRAN",
      "Hash": "b227d13e29222b4574486cfcbde077fa"
    },
    "testthat": {
      "Package": "testthat",
      "Version": "3.0.1",
      "Source": "Repository",
      "Repository": "CRAN",
      "Hash": "17826764cb92d8b5aae6619896e5a161"
    },
    "tibble": {
      "Package": "tibble",
      "Version": "3.0.6",
      "Source": "Repository",
      "Repository": "CRAN",
      "Hash": "9c6c10e594f32096ede0c7d373ccbddd"
    },
    "tidyr": {
      "Package": "tidyr",
      "Version": "1.1.2",
      "Source": "Repository",
      "Repository": "CRAN",
      "Hash": "c40b2d5824d829190f4b825f4496dfae"
    },
    "tidyselect": {
      "Package": "tidyselect",
      "Version": "1.1.0",
      "Source": "Repository",
      "Repository": "CRAN",
      "Hash": "6ea435c354e8448819627cf686f66e0a"
    },
    "tidyxl": {
      "Package": "tidyxl",
      "Version": "1.0.7",
      "Source": "Repository",
      "Repository": "CRAN",
      "Hash": "284994639932d61c0dc765c9aa401d1b"
    },
    "utf8": {
      "Package": "utf8",
      "Version": "1.1.4",
      "Source": "Repository",
      "Repository": "CRAN",
      "Hash": "4a5081acfb7b81a572e4384a7aaf2af1"
    },
    "vctrs": {
      "Package": "vctrs",
      "Version": "0.3.6",
      "Source": "Repository",
      "Repository": "CRAN",
      "Hash": "5cf1957f93076c19fdc81d01409d240b"
    },
    "viridisLite": {
      "Package": "viridisLite",
      "Version": "0.3.0",
      "Source": "Repository",
      "Repository": "CRAN",
      "Hash": "ce4f6271baa94776db692f1cb2055bee"
    },
    "waiter": {
      "Package": "waiter",
      "Version": "0.2.0",
      "Source": "Repository",
      "Repository": "CRAN",
      "Hash": "58bd688fb765cf778b633df0e2502003"
    },
    "waldo": {
      "Package": "waldo",
      "Version": "0.2.3",
      "Source": "Repository",
      "Repository": "CRAN",
      "Hash": "181d1a31b1ba2009ef20926f2ee0570c"
    },
    "withr": {
      "Package": "withr",
      "Version": "2.4.1",
      "Source": "Repository",
      "Repository": "CRAN",
      "Hash": "caf4781c674ffa549a4676d2d77b13cc"
    },
    "xml2": {
      "Package": "xml2",
      "Version": "1.3.2",
      "Source": "Repository",
      "Repository": "CRAN",
      "Hash": "d4d71a75dd3ea9eb5fa28cc21f9585e2"
    },
    "xtable": {
      "Package": "xtable",
      "Version": "1.8-4",
      "Source": "Repository",
      "Repository": "CRAN",
      "Hash": "b8acdf8af494d9ec19ccb2481a9b11c2"
    },
    "yaml": {
      "Package": "yaml",
      "Version": "2.2.1",
      "Source": "Repository",
      "Repository": "CRAN",
      "Hash": "2826c5d9efb0a88f657c7a679c7106db"
    },
    "zip": {
      "Package": "zip",
      "Version": "2.1.1",
      "Source": "Repository",
      "Repository": "CRAN",
      "Hash": "3bc8405c637d988801ec5ea88372d0c2"
    }
  }
}
